Microsoft Visual Studio Solution File, Format Version 12.00
# Visual Studio Version 17
VisualStudioVersion = 17.5.2.0
MinimumVisualStudioVersion = 10.0.40219.1
Project("{FAE04EC0-301F-11D3-BF4B-00C04F79EFBC}") = "PSK2025.Data", "PSK2025.Data.csproj", "{E97522DC-E2F0-2F57-5191-B19E10EB85FF}"
EndProject
Global
	GlobalSection(SolutionConfigurationPlatforms) = preSolution
		Debug|Any CPU = Debug|Any CPU
		Release|Any CPU = Release|Any CPU
	EndGlobalSection
	GlobalSection(ProjectConfigurationPlatforms) = postSolution
		{E97522DC-E2F0-2F57-5191-B19E10EB85FF}.Debug|Any CPU.ActiveCfg = Debug|Any CPU
		{E97522DC-E2F0-2F57-5191-B19E10EB85FF}.Debug|Any CPU.Build.0 = Debug|Any CPU
		{E97522DC-E2F0-2F57-5191-B19E10EB85FF}.Release|Any CPU.ActiveCfg = Release|Any CPU
		{E97522DC-E2F0-2F57-5191-B19E10EB85FF}.Release|Any CPU.Build.0 = Release|Any CPU
	EndGlobalSection
	GlobalSection(SolutionProperties) = preSolution
		HideSolutionNode = FALSE
	EndGlobalSection
	GlobalSection(ExtensibilityGlobals) = postSolution
		SolutionGuid = {FE0DF145-2299-4393-A232-0FDD69D814A7}
	EndGlobalSection
EndGlobal
